
Microsoft Visual Studio Solution File, Format Version 12.00
# Visual Studio Version 17
VisualStudioVersion = 17.4.33213.308
MinimumVisualStudioVersion = 10.0.40219.1
Project("{FAE04EC0-301F-11D3-BF4B-00C04F79EFBC}") = "CountryRegion", "CountryRegion\CountryRegion.csproj", "{D748BEB8-D20A-41F9-B326-B7DF1D7059A7}"
EndProject
Project("{FAE04EC0-301F-11D3-BF4B-00C04F79EFBC}") = "CountryRegion.Service", "CountryRegion.Service\CountryRegion.Service.csproj", "{DC22E978-066E-451F-8473-DCB86BCBEB33}"
EndProject
Project("{FAE04EC0-301F-11D3-BF4B-00C04F79EFBC}") = "CountryRegion.Repository", "CountryRegion.Repository\CountryRegion.Repository.csproj", "{F28EDB35-C145-46E5-B059-094C6D22922E}"
EndProject
Project("{FAE04EC0-301F-11D3-BF4B-00C04F79EFBC}") = "CountryRegion.Domain", "CountryRegion.Domain\CountryRegion.Domain.csproj", "{634075C1-5677-4BAC-8D6C-DD7BD36CC0B9}"
EndProject
Global
	GlobalSection(SolutionConfigurationPlatforms) = preSolution
		Debug|Any CPU = Debug|Any CPU
		Release|Any CPU = Release|Any CPU
	EndGlobalSection
	GlobalSection(ProjectConfigurationPlatforms) = postSolution
		{D748BEB8-D20A-41F9-B326-B7DF1D7059A7}.Debug|Any CPU.ActiveCfg = Debug|Any CPU
		{D748BEB8-D20A-41F9-B326-B7DF1D7059A7}.Debug|Any CPU.Build.0 = Debug|Any CPU
		{D748BEB8-D20A-41F9-B326-B7DF1D7059A7}.Release|Any CPU.ActiveCfg = Release|Any CPU
		{D748BEB8-D20A-41F9-B326-B7DF1D7059A7}.Release|Any CPU.Build.0 = Release|Any CPU
		{DC22E978-066E-451F-8473-DCB86BCBEB33}.Debug|Any CPU.ActiveCfg = Debug|Any CPU
		{DC22E978-066E-451F-8473-DCB86BCBEB33}.Debug|Any CPU.Build.0 = Debug|Any CPU
		{DC22E978-066E-451F-8473-DCB86BCBEB33}.Release|Any CPU.ActiveCfg = Release|Any CPU
		{DC22E978-066E-451F-8473-DCB86BCBEB33}.Release|Any CPU.Build.0 = Release|Any CPU
		{F28EDB35-C145-46E5-B059-094C6D22922E}.Debug|Any CPU.ActiveCfg = Debug|Any CPU
		{F28EDB35-C145-46E5-B059-094C6D22922E}.Debug|Any CPU.Build.0 = Debug|Any CPU
		{F28EDB35-C145-46E5-B059-094C6D22922E}.Release|Any CPU.ActiveCfg = Release|Any CPU
		{F28EDB35-C145-46E5-B059-094C6D22922E}.Release|Any CPU.Build.0 = Release|Any CPU
		{634075C1-5677-4BAC-8D6C-DD7BD36CC0B9}.Debug|Any CPU.ActiveCfg = Debug|Any CPU
		{634075C1-5677-4BAC-8D6C-DD7BD36CC0B9}.Debug|Any CPU.Build.0 = Debug|Any CPU
		{634075C1-5677-4BAC-8D6C-DD7BD36CC0B9}.Release|Any CPU.ActiveCfg = Release|Any CPU
		{634075C1-5677-4BAC-8D6C-DD7BD36CC0B9}.Release|Any CPU.Build.0 = Release|Any CPU
	EndGlobalSection
	GlobalSection(SolutionProperties) = preSolution
		HideSolutionNode = FALSE
	EndGlobalSection
	GlobalSection(ExtensibilityGlobals) = postSolution
		SolutionGuid = {1CC64520-E88C-4776-91F8-BC3B31A27830}
	EndGlobalSection
EndGlobal
